
Microsoft Visual Studio Solution File, Format Version 12.00
# Visual Studio 14
VisualStudioVersion = 14.0.25123.0
MinimumVisualStudioVersion = 10.0.40219.1
Project("{F184B08F-C81C-45F6-A57F-5ABD9991F28F}") = "Sulfaro CH 4.4 Demo", "Sulfaro CH 4.4 Demo\Sulfaro CH 4.4 Demo.vbproj", "{C8D13DF1-6F03-4487-BD7F-94A35E549F13}"
EndProject
Global
	GlobalSection(SolutionConfigurationPlatforms) = preSolution
		Debug|Any CPU = Debug|Any CPU
		Release|Any CPU = Release|Any CPU
	EndGlobalSection
	GlobalSection(ProjectConfigurationPlatforms) = postSolution
		{C8D13DF1-6F03-4487-BD7F-94A35E549F13}.Debug|Any CPU.ActiveCfg = Debug|Any CPU
		{C8D13DF1-6F03-4487-BD7F-94A35E549F13}.Debug|Any CPU.Build.0 = Debug|Any CPU
		{C8D13DF1-6F03-4487-BD7F-94A35E549F13}.Release|Any CPU.ActiveCfg = Release|Any CPU
		{C8D13DF1-6F03-4487-BD7F-94A35E549F13}.Release|Any CPU.Build.0 = Release|Any CPU
	EndGlobalSection
	GlobalSection(SolutionProperties) = preSolution
		HideSolutionNode = FALSE
	EndGlobalSection
EndGlobal
